
Microsoft Visual Studio Solution File, Format Version 12.00
# Visual Studio Version 16
VisualStudioVersion = 16.0.28803.352
MinimumVisualStudioVersion = 10.0.40219.1
Project("{9A19103F-16F7-4668-BE54-9A1E7A4F7556}") = "Mmu.SqlBuddy.WpfUI", "Sources\WpfUI\Mmu.SqlBuddy.WpfUI.csproj", "{B77003FA-A950-42B6-B1EE-F8FB46E5AE0F}"
EndProject
Project("{2150E333-8FDC-42A3-9474-1A3956D46DE8}") = "Solution Items", "Solution Items", "{D03CBD59-BEBD-4B22-8612-81A9C89E725D}"
	ProjectSection(SolutionItems) = preProject
		.editorconfig = .editorconfig
	EndProjectSection
EndProject
Global
	GlobalSection(SolutionConfigurationPlatforms) = preSolution
		Debug|Any CPU = Debug|Any CPU
		Release|Any CPU = Release|Any CPU
	EndGlobalSection
	GlobalSection(ProjectConfigurationPlatforms) = postSolution
		{B77003FA-A950-42B6-B1EE-F8FB46E5AE0F}.Debug|Any CPU.ActiveCfg = Debug|Any CPU
		{B77003FA-A950-42B6-B1EE-F8FB46E5AE0F}.Debug|Any CPU.Build.0 = Debug|Any CPU
		{B77003FA-A950-42B6-B1EE-F8FB46E5AE0F}.Release|Any CPU.ActiveCfg = Release|Any CPU
		{B77003FA-A950-42B6-B1EE-F8FB46E5AE0F}.Release|Any CPU.Build.0 = Release|Any CPU
	EndGlobalSection
	GlobalSection(SolutionProperties) = preSolution
		HideSolutionNode = FALSE
	EndGlobalSection
	GlobalSection(ExtensibilityGlobals) = postSolution
		SolutionGuid = {48173F2E-8AA2-4AE2-B697-46B6FF74C418}
	EndGlobalSection
EndGlobal
